
Microsoft Visual Studio Solution File, Format Version 12.00
# Visual Studio Version 17
VisualStudioVersion = 17.13.35806.99 d17.13
MinimumVisualStudioVersion = 10.0.40219.1
Project("{FAE04EC0-301F-11D3-BF4B-00C04F79EFBC}") = "Lab_rab1_Bikinyaev.R.V-Бпи-23-02", "Lab_rab1_Bikinyaev.R.V-Бпи-23-02\Lab_rab1_Bikinyaev.R.V-Бпи-23-02.csproj", "{7864B9D9-B801-4715-80A2-D20A0B35C1FD}"
EndProject
Global
	GlobalSection(SolutionConfigurationPlatforms) = preSolution
		Debug|Any CPU = Debug|Any CPU
		Release|Any CPU = Release|Any CPU
	EndGlobalSection
	GlobalSection(ProjectConfigurationPlatforms) = postSolution
		{7864B9D9-B801-4715-80A2-D20A0B35C1FD}.Debug|Any CPU.ActiveCfg = Debug|Any CPU
		{7864B9D9-B801-4715-80A2-D20A0B35C1FD}.Debug|Any CPU.Build.0 = Debug|Any CPU
		{7864B9D9-B801-4715-80A2-D20A0B35C1FD}.Release|Any CPU.ActiveCfg = Release|Any CPU
		{7864B9D9-B801-4715-80A2-D20A0B35C1FD}.Release|Any CPU.Build.0 = Release|Any CPU
	EndGlobalSection
	GlobalSection(SolutionProperties) = preSolution
		HideSolutionNode = FALSE
	EndGlobalSection
	GlobalSection(ExtensibilityGlobals) = postSolution
		SolutionGuid = {75FC3B8C-8428-468E-81E8-EC77378C57A3}
	EndGlobalSection
EndGlobal
